
Microsoft Visual Studio Solution File, Format Version 12.00
# Visual Studio Version 17
VisualStudioVersion = 17.0.32014.148
MinimumVisualStudioVersion = 10.0.40219.1
Project("{FAE04EC0-301F-11D3-BF4B-00C04F79EFBC}") = "TestCloudRunDB", "TestCloudRunDB\TestCloudRunDB.csproj", "{14FBD2B5-344E-4222-BDCB-37C77E1BB6D3}"
EndProject
Project("{FAE04EC0-301F-11D3-BF4B-00C04F79EFBC}") = "TestCloudRunDB.Data", "TestCloudRunDB.Data\TestCloudRunDB.Data.csproj", "{859B85A6-4177-48C5-86DA-6899F99403FE}"
EndProject
Project("{FAE04EC0-301F-11D3-BF4B-00C04F79EFBC}") = "TestCloudRunDB.Model", "TestCloudRunDB.Model\TestCloudRunDB.Model.csproj", "{293FA7CD-D5CC-4BB0-91E0-F98705A90B36}"
EndProject
Global
	GlobalSection(SolutionConfigurationPlatforms) = preSolution
		Debug|Any CPU = Debug|Any CPU
		Release|Any CPU = Release|Any CPU
	EndGlobalSection
	GlobalSection(ProjectConfigurationPlatforms) = postSolution
		{14FBD2B5-344E-4222-BDCB-37C77E1BB6D3}.Debug|Any CPU.ActiveCfg = Debug|Any CPU
		{14FBD2B5-344E-4222-BDCB-37C77E1BB6D3}.Debug|Any CPU.Build.0 = Debug|Any CPU
		{14FBD2B5-344E-4222-BDCB-37C77E1BB6D3}.Release|Any CPU.ActiveCfg = Release|Any CPU
		{14FBD2B5-344E-4222-BDCB-37C77E1BB6D3}.Release|Any CPU.Build.0 = Release|Any CPU
		{859B85A6-4177-48C5-86DA-6899F99403FE}.Debug|Any CPU.ActiveCfg = Debug|Any CPU
		{859B85A6-4177-48C5-86DA-6899F99403FE}.Debug|Any CPU.Build.0 = Debug|Any CPU
		{859B85A6-4177-48C5-86DA-6899F99403FE}.Release|Any CPU.ActiveCfg = Release|Any CPU
		{859B85A6-4177-48C5-86DA-6899F99403FE}.Release|Any CPU.Build.0 = Release|Any CPU
		{293FA7CD-D5CC-4BB0-91E0-F98705A90B36}.Debug|Any CPU.ActiveCfg = Debug|Any CPU
		{293FA7CD-D5CC-4BB0-91E0-F98705A90B36}.Debug|Any CPU.Build.0 = Debug|Any CPU
		{293FA7CD-D5CC-4BB0-91E0-F98705A90B36}.Release|Any CPU.ActiveCfg = Release|Any CPU
		{293FA7CD-D5CC-4BB0-91E0-F98705A90B36}.Release|Any CPU.Build.0 = Release|Any CPU
	EndGlobalSection
	GlobalSection(SolutionProperties) = preSolution
		HideSolutionNode = FALSE
	EndGlobalSection
	GlobalSection(ExtensibilityGlobals) = postSolution
		SolutionGuid = {D17FE158-3946-42D2-850A-331CB40AD190}
	EndGlobalSection
EndGlobal
